
Microsoft Visual Studio Solution File, Format Version 12.00
# Visual Studio Version 16
VisualStudioVersion = 16.0.29215.179
MinimumVisualStudioVersion = 10.0.40219.1
Project("{FAE04EC0-301F-11D3-BF4B-00C04F79EFBC}") = "jwt-example", "jwt-example\jwt-example.csproj", "{A24C482C-5468-4B9B-9058-F1520B7C523D}"
EndProject
Global
	GlobalSection(SolutionConfigurationPlatforms) = preSolution
		Debug|Any CPU = Debug|Any CPU
		Release|Any CPU = Release|Any CPU
	EndGlobalSection
	GlobalSection(ProjectConfigurationPlatforms) = postSolution
		{A24C482C-5468-4B9B-9058-F1520B7C523D}.Debug|Any CPU.ActiveCfg = Debug|Any CPU
		{A24C482C-5468-4B9B-9058-F1520B7C523D}.Debug|Any CPU.Build.0 = Debug|Any CPU
		{A24C482C-5468-4B9B-9058-F1520B7C523D}.Release|Any CPU.ActiveCfg = Release|Any CPU
		{A24C482C-5468-4B9B-9058-F1520B7C523D}.Release|Any CPU.Build.0 = Release|Any CPU
	EndGlobalSection
	GlobalSection(SolutionProperties) = preSolution
		HideSolutionNode = FALSE
	EndGlobalSection
	GlobalSection(ExtensibilityGlobals) = postSolution
		SolutionGuid = {20185B77-596F-4CAD-875C-992597E8450B}
	EndGlobalSection
EndGlobal
